
Microsoft Visual Studio Solution File, Format Version 12.00
# Visual Studio Version 17
VisualStudioVersion = 17.4.33110.190
MinimumVisualStudioVersion = 10.0.40219.1
Project("{FAE04EC0-301F-11D3-BF4B-00C04F79EFBC}") = "Jump and Run", "Jump and Run\Jump and Run.csproj", "{7B4992B8-A37F-45BA-8699-3161FC6EBA05}"
EndProject
Project("{2150E333-8FDC-42A3-9474-1A3956D46DE8}") = "Projektmappenelemente", "Projektmappenelemente", "{8CFE663B-B20C-4703-ABD5-4F8A6A6E2C18}"
	ProjectSection(SolutionItems) = preProject
		.gitignore = .gitignore
	EndProjectSection
EndProject
Global
	GlobalSection(SolutionConfigurationPlatforms) = preSolution
		Debug|Any CPU = Debug|Any CPU
		Release|Any CPU = Release|Any CPU
	EndGlobalSection
	GlobalSection(ProjectConfigurationPlatforms) = postSolution
		{7B4992B8-A37F-45BA-8699-3161FC6EBA05}.Debug|Any CPU.ActiveCfg = Debug|Any CPU
		{7B4992B8-A37F-45BA-8699-3161FC6EBA05}.Debug|Any CPU.Build.0 = Debug|Any CPU
		{7B4992B8-A37F-45BA-8699-3161FC6EBA05}.Release|Any CPU.ActiveCfg = Release|Any CPU
		{7B4992B8-A37F-45BA-8699-3161FC6EBA05}.Release|Any CPU.Build.0 = Release|Any CPU
	EndGlobalSection
	GlobalSection(SolutionProperties) = preSolution
		HideSolutionNode = FALSE
	EndGlobalSection
	GlobalSection(ExtensibilityGlobals) = postSolution
		SolutionGuid = {71119AEF-D2C4-4F76-BDF2-C76ED98115DD}
	EndGlobalSection
EndGlobal
